{
  "name": "@nilsboy/pe",
  "version": "1.0.1",
  "lockfileVersion": 1,
  "requires": true,
  "dependencies": {
    "readline-promise": {
      "version": "1.0.4",
      "resolved": "http://artifactory.mobilcom.de:8080/artifactory/api/npm/npm-repos/readline-promise/-/readline-promise-1.0.4.tgz",
      "integrity": "sha1-wiGQQ4ZC2m+5lGLPu/tiMrTtub0="
    }
  }
}
